{
    "_readme": [
        "This file locks the dependencies of your project to a known state",
        "Read more about it at https://getcomposer.org/doc/01-basic-usage.md#installing-dependencies",
        "This file is @generated automatically"
    ],
    "content-hash": "e12c80023f9f7998cc0ab96c5b91e4c2",
    "packages": [
        {
            "name": "azmok/autil",
            "version": "dev-master",
            "source": {
                "type": "git",
                "url": "https://github.com/azmok/autil.git",
                "reference": "a8bcf98dc9476ce1ababfc54165d71dec8804a98"
            },
            "dist": {
                "type": "zip",
                "url": "https://api.github.com/repos/azmok/autil/zipball/a8bcf98dc9476ce1ababfc54165d71dec8804a98",
                "reference": "a8bcf98dc9476ce1ababfc54165d71dec8804a98",
                "shasum": ""
            },
            "require": {
                "azmok/oope": "*"
            },
            "type": "library",
            "autoload": {
                "files": [
                    "src/core.php",
                    "src/html.php",
                    "src/file.php",
                    "src/classHelper.php"
                ]
            },
            "support": {
                "source": "https://github.com/azmok/autil/tree/master",
                "issues": "https://github.com/azmok/autil/issues"
            },
            "time": "2020-07-24T09:08:29+00:00"
        }
    ],
    "packages-dev": [],
    "aliases": [],
    "minimum-stability": "stable",
    "stability-flags": {
        "azmok/autil": 20
    },
    "prefer-stable": false,
    "prefer-lowest": false,
    "platform": [],
    "platform-dev": []
}
